{
  "name": "qcgongjuapi",
  "version": "1.0.0",
  "lockfileVersion": 1,
  "requires": true,
  "dependencies": {
    "ansicolors": {
      "version": "0.3.2",
      "resolved": "http://registry.npm.taobao.org/ansicolors/download/ansicolors-0.3.2.tgz"
    },
    "body-parser": {
      "version": "1.18.3",
      "resolved": "http://registry.npm.taobao.org/body-parser/download/body-parser-1.18.3.tgz",
      "integrity": "sha1-WykhmP/dVTs6DyDe0FkrlWlVyLQ=",
      "requires": {
        "bytes": "3.0.0",
        "content-type": "~1.0.4",
        "debug": "2.6.9",
        "depd": "~1.1.2",
        "http-errors": "~1.6.3",
        "iconv-lite": "0.4.23",
        "on-finished": "~2.3.0",
        "qs": "6.5.2",
        "raw-body": "2.3.3",
        "type-is": "~1.6.16"
      },
      "dependencies": {
        "content-type": {
          "version": "1.0.4",
          "resolved": "http://registry.npm.taobao.org/content-type/download/content-type-1.0.4.tgz",
          "integrity": "sha1-4TjMdeBAxyexlm/l5fjJruJW/js="
        },
        "debug": {
          "version": "2.6.9",
          "resolved": "http://registry.npm.taobao.org/debug/download/debug-2.6.9.tgz",
          "integrity": "sha1-XRKFFd8TT/Mn6QpMk/Tgd6U2NB8=",
          "requires": {
            "ms": "2.0.0"
          }
        },
        "depd": {
          "version": "1.1.2",
          "resolved": "http://registry.npm.taobao.org/depd/download/depd-1.1.2.tgz",
          "integrity": "sha1-m81S4UwJd2PnSbJ0xDRu0uVgtak="
        },
        "iconv-lite": {
          "version": "0.4.23",
          "resolved": "http://registry.npm.taobao.org/iconv-lite/download/iconv-lite-0.4.23.tgz",
          "integrity": "sha1-KXhx9jvlB63Pv8pxXQzQ7thOmmM=",
          "requires": {
            "safer-buffer": ">= 2.1.2 < 3"
          }
        },
        "on-finished": {
          "version": "2.3.0",
          "resolved": "http://registry.npm.taobao.org/on-finished/download/on-finished-2.3.0.tgz",
          "integrity": "sha1-IPEzZIGwg811M3mSoWlxqi2QaUc=",
          "requires": {
            "ee-first": "1.1.1"
          }
        },
        "raw-body": {
          "version": "2.3.3",
          "resolved": "http://registry.npm.taobao.org/raw-body/download/raw-body-2.3.3.tgz",
          "integrity": "sha1-GzJOzmtXBuFThVvBFIxlu39uoMM=",
          "requires": {
            "bytes": "3.0.0",
            "http-errors": "1.6.3",
            "iconv-lite": "0.4.23",
            "unpipe": "1.0.0"
          }
        },
        "safer-buffer": {
          "version": "2.1.2",
          "resolved": "http://registry.npm.taobao.org/safer-buffer/download/safer-buffer-2.1.2.tgz",
          "integrity": "sha1-RPoWGwGHuVSd2Eu5GAL5vYOFzWo="
        },
        "type-is": {
          "version": "1.6.16",
          "resolved": "http://registry.npm.taobao.org/type-is/download/type-is-1.6.16.tgz",
          "integrity": "sha1-+JzjQVQcZysl7nrjxz3uOyvlAZQ=",
          "requires": {
            "media-typer": "0.3.0",
            "mime-types": "~2.1.18"
          }
        }
      }
    },
    "bytes": {
      "version": "3.0.0",
      "resolved": "http://registry.npm.taobao.org/bytes/download/bytes-3.0.0.tgz"
    },
    "cardinal": {
      "version": "2.1.1",
      "resolved": "http://registry.npm.taobao.org/cardinal/download/cardinal-2.1.1.tgz",
      "requires": {
        "ansicolors": "~0.3.2"
      },
      "dependencies": {
        "ansicolors": {
          "version": "http://registry.npm.taobao.org/ansicolors/download/ansicolors-0.3.2.tgz",
          "bundled": true
        },
        "redeyed": {
          "version": "http://registry.npm.taobao.org/redeyed/download/redeyed-2.1.1.tgz",
          "bundled": true
        }
      }
    },
    "cookie": {
      "version": "0.3.1",
      "resolved": "http://registry.npm.taobao.org/cookie/download/cookie-0.3.1.tgz"
    },
    "cookie-parser": {
      "version": "1.4.3",
      "resolved": "http://registry.npm.taobao.org/cookie-parser/download/cookie-parser-1.4.3.tgz",
      "integrity": "sha1-D+MfoZ0AC5X0qt8fU/3CuKIDuqU=",
      "requires": {
        "cookie": "0.3.1",
        "cookie-signature": "1.0.6"
      }
    },
    "cookie-signature": {
      "version": "1.0.6",
      "resolved": "http://registry.npm.taobao.org/cookie-signature/download/cookie-signature-1.0.6.tgz"
    },
    "ee-first": {
      "version": "1.1.1",
      "resolved": "http://registry.npm.taobao.org/ee-first/download/ee-first-1.1.1.tgz"
    },
    "express": {
      "version": "4.16.3",
      "resolved": "http://registry.npm.taobao.org/express/download/express-4.16.3.tgz",
      "requires": {
        "cookie": "0.3.1",
        "cookie-signature": "1.0.6"
      },
      "dependencies": {
        "accepts": {
          "version": "http://registry.npm.taobao.org/accepts/download/accepts-1.3.5.tgz",
          "bundled": true,
          "dependencies": {
            "mime-types": {
              "version": "http://registry.npm.taobao.org/mime-types/download/mime-types-2.1.19.tgz"
            },
            "negotiator": {
              "version": "http://registry.npm.taobao.org/negotiator/download/negotiator-0.6.1.tgz"
            }
          }
        },
        "array-flatten": {
          "version": "http://registry.npm.taobao.org/array-flatten/download/array-flatten-1.1.1.tgz",
          "bundled": true
        },
        "body-parser": {
          "version": "http://registry.npm.taobao.org/body-parser/download/body-parser-1.18.2.tgz",
          "bundled": true,
          "dependencies": {
            "bytes": {
              "version": "http://registry.npm.taobao.org/bytes/download/bytes-3.0.0.tgz"
            },
            "content-type": {
              "version": "http://registry.npm.taobao.org/content-type/download/content-type-1.0.4.tgz"
            },
            "debug": {
              "version": "http://registry.npm.taobao.org/debug/download/debug-2.6.9.tgz"
            },
            "depd": {
              "version": "http://registry.npm.taobao.org/depd/download/depd-1.1.2.tgz"
            },
            "http-errors": {
              "version": "http://registry.npm.taobao.org/http-errors/download/http-errors-1.6.3.tgz",
              "dependencies": {
                "depd": {
                  "version": "http://registry.npm.taobao.org/depd/download/depd-1.1.2.tgz",
                  "bundled": true
                },
                "inherits": {
                  "version": "http://registry.npm.taobao.org/inherits/download/inherits-2.0.3.tgz",
                  "bundled": true
                },
                "setprototypeof": {
                  "version": "http://registry.npm.taobao.org/setprototypeof/download/setprototypeof-1.1.0.tgz",
                  "bundled": true
                },
                "statuses": {
                  "version": "http://registry.npm.taobao.org/statuses/download/statuses-1.5.0.tgz",
                  "bundled": true
                }
              }
            },
            "iconv-lite": {
              "version": "http://registry.npm.taobao.org/iconv-lite/download/iconv-lite-0.4.19.tgz"
            },
            "on-finished": {
              "version": "http://registry.npm.taobao.org/on-finished/download/on-finished-2.3.0.tgz",
              "dependencies": {
                "ee-first": {
                  "version": "http://registry.npm.taobao.org/ee-first/download/ee-first-1.1.1.tgz"
                }
              }
            },
            "qs": {
              "version": "http://registry.npm.taobao.org/qs/download/qs-6.5.1.tgz"
            },
            "raw-body": {
              "version": "http://registry.npm.taobao.org/raw-body/download/raw-body-2.3.2.tgz"
            },
            "type-is": {
              "version": "http://registry.npm.taobao.org/type-is/download/type-is-1.6.16.tgz",
              "dependencies": {
                "media-typer": {
                  "version": "http://registry.npm.taobao.org/media-typer/download/media-typer-0.3.0.tgz"
                },
                "mime-types": {
                  "version": "http://registry.npm.taobao.org/mime-types/download/mime-types-2.1.19.tgz",
                  "dependencies": {
                    "mime-db": {
                      "version": "http://registry.npm.taobao.org/mime-db/download/mime-db-1.35.0.tgz",
                      "bundled": true
                    }
                  }
                }
              }
            }
          }
        },
        "content-disposition": {
          "version": "http://registry.npm.taobao.org/content-disposition/download/content-disposition-0.5.2.tgz",
          "bundled": true
        },
        "content-type": {
          "version": "http://registry.npm.taobao.org/content-type/download/content-type-1.0.4.tgz",
          "bundled": true
        },
        "cookie": {
          "version": "http://registry.npm.taobao.org/cookie/download/cookie-0.3.1.tgz",
          "bundled": true
        },
        "cookie-signature": {
          "version": "http://registry.npm.taobao.org/cookie-signature/download/cookie-signature-1.0.6.tgz",
          "bundled": true
        },
        "debug": {
          "version": "http://registry.npm.taobao.org/debug/download/debug-2.6.9.tgz",
          "bundled": true,
          "dependencies": {
            "ms": {
              "version": "http://registry.npm.taobao.org/ms/download/ms-2.0.0.tgz"
            }
          }
        },
        "depd": {
          "version": "http://registry.npm.taobao.org/depd/download/depd-1.1.2.tgz",
          "bundled": true
        },
        "encodeurl": {
          "version": "http://registry.npm.taobao.org/encodeurl/download/encodeurl-1.0.2.tgz",
          "bundled": true
        },
        "escape-html": {
          "version": "http://registry.npm.taobao.org/escape-html/download/escape-html-1.0.3.tgz",
          "bundled": true
        },
        "etag": {
          "version": "http://registry.npm.taobao.org/etag/download/etag-1.8.1.tgz",
          "bundled": true
        },
        "finalhandler": {
          "version": "http://registry.npm.taobao.org/finalhandler/download/finalhandler-1.1.1.tgz",
          "bundled": true
        },
        "fresh": {
          "version": "http://registry.npm.taobao.org/fresh/download/fresh-0.5.2.tgz",
          "bundled": true
        },
        "merge-descriptors": {
          "version": "http://registry.npm.taobao.org/merge-descriptors/download/merge-descriptors-1.0.1.tgz",
          "bundled": true
        },
        "methods": {
          "version": "http://registry.npm.taobao.org/methods/download/methods-1.1.2.tgz",
          "bundled": true
        },
        "on-finished": {
          "version": "http://registry.npm.taobao.org/on-finished/download/on-finished-2.3.0.tgz",
          "bundled": true,
          "dependencies": {
            "ee-first": {
              "version": "http://registry.npm.taobao.org/ee-first/download/ee-first-1.1.1.tgz"
            }
          }
        },
        "parseurl": {
          "version": "http://registry.npm.taobao.org/parseurl/download/parseurl-1.3.2.tgz",
          "bundled": true
        },
        "path-to-regexp": {
          "version": "http://registry.npm.taobao.org/path-to-regexp/download/path-to-regexp-0.1.7.tgz",
          "bundled": true
        },
        "proxy-addr": {
          "version": "http://registry.npm.taobao.org/proxy-addr/download/proxy-addr-2.0.4.tgz",
          "bundled": true
        },
        "qs": {
          "version": "http://registry.npm.taobao.org/qs/download/qs-6.5.1.tgz",
          "bundled": true
        },
        "range-parser": {
          "version": "http://registry.npm.taobao.org/range-parser/download/range-parser-1.2.0.tgz",
          "bundled": true
        },
        "safe-buffer": {
          "version": "http://registry.npm.taobao.org/safe-buffer/download/safe-buffer-5.1.1.tgz",
          "bundled": true
        },
        "send": {
          "version": "http://registry.npm.taobao.org/send/download/send-0.16.2.tgz",
          "bundled": true
        },
        "serve-static": {
          "version": "http://registry.npm.taobao.org/serve-static/download/serve-static-1.13.2.tgz",
          "bundled": true
        },
        "setprototypeof": {
          "version": "http://registry.npm.taobao.org/setprototypeof/download/setprototypeof-1.1.0.tgz",
          "bundled": true
        },
        "statuses": {
          "version": "http://registry.npm.taobao.org/statuses/download/statuses-1.4.0.tgz",
          "bundled": true
        },
        "type-is": {
          "version": "http://registry.npm.taobao.org/type-is/download/type-is-1.6.16.tgz",
          "bundled": true,
          "dependencies": {
            "media-typer": {
              "version": "http://registry.npm.taobao.org/media-typer/download/media-typer-0.3.0.tgz"
            },
            "mime-types": {
              "version": "http://registry.npm.taobao.org/mime-types/download/mime-types-2.1.19.tgz",
              "dependencies": {}
            }
          }
        },
        "utils-merge": {
          "version": "http://registry.npm.taobao.org/utils-merge/download/utils-merge-1.0.1.tgz",
          "bundled": true
        },
        "vary": {
          "version": "http://registry.npm.taobao.org/vary/download/vary-1.1.2.tgz",
          "bundled": true
        }
      }
    },
    "http-errors": {
      "version": "1.6.3",
      "resolved": "http://registry.npm.taobao.org/http-errors/download/http-errors-1.6.3.tgz",
      "dependencies": {
        "depd": {
          "version": "http://registry.npm.taobao.org/depd/download/depd-1.1.2.tgz",
          "bundled": true
        },
        "inherits": {
          "version": "http://registry.npm.taobao.org/inherits/download/inherits-2.0.3.tgz",
          "bundled": true
        },
        "setprototypeof": {
          "version": "http://registry.npm.taobao.org/setprototypeof/download/setprototypeof-1.1.0.tgz",
          "bundled": true
        },
        "statuses": {
          "version": "http://registry.npm.taobao.org/statuses/download/statuses-1.5.0.tgz",
          "bundled": true
        }
      }
    },
    "long": {
      "version": "4.0.0",
      "resolved": "http://registry.npm.taobao.org/long/download/long-4.0.0.tgz"
    },
    "media-typer": {
      "version": "0.3.0",
      "resolved": "http://registry.npm.taobao.org/media-typer/download/media-typer-0.3.0.tgz"
    },
    "method-override": {
      "version": "3.0.0",
      "resolved": "http://registry.npm.taobao.org/method-override/download/method-override-3.0.0.tgz",
      "dependencies": {
        "debug": {
          "version": "http://registry.npm.taobao.org/debug/download/debug-3.1.0.tgz",
          "bundled": true,
          "dependencies": {
            "ms": {
              "version": "http://registry.npm.taobao.org/ms/download/ms-2.0.0.tgz",
              "bundled": true
            }
          }
        },
        "methods": {
          "version": "http://registry.npm.taobao.org/methods/download/methods-1.1.2.tgz",
          "bundled": true
        },
        "parseurl": {
          "version": "http://registry.npm.taobao.org/parseurl/download/parseurl-1.3.2.tgz",
          "bundled": true
        },
        "vary": {
          "version": "http://registry.npm.taobao.org/vary/download/vary-1.1.2.tgz",
          "bundled": true
        }
      }
    },
    "mime-types": {
      "version": "2.1.19",
      "resolved": "http://registry.npm.taobao.org/mime-types/download/mime-types-2.1.19.tgz",
      "dependencies": {
        "mime-db": {
          "version": "http://registry.npm.taobao.org/mime-db/download/mime-db-1.35.0.tgz",
          "bundled": true
        }
      }
    },
    "ms": {
      "version": "2.0.0",
      "resolved": "http://registry.npm.taobao.org/ms/download/ms-2.0.0.tgz"
    },
    "multer": {
      "version": "1.3.1",
      "resolved": "http://registry.npm.taobao.org/multer/download/multer-1.3.1.tgz",
      "dependencies": {
        "append-field": {
          "version": "http://registry.npm.taobao.org/append-field/download/append-field-0.1.0.tgz",
          "bundled": true
        },
        "busboy": {
          "version": "http://registry.npm.taobao.org/busboy/download/busboy-0.2.14.tgz",
          "bundled": true
        },
        "concat-stream": {
          "version": "http://registry.npm.taobao.org/concat-stream/download/concat-stream-1.6.2.tgz",
          "bundled": true,
          "dependencies": {
            "buffer-from": {
              "version": "http://registry.npm.taobao.org/buffer-from/download/buffer-from-1.1.1.tgz"
            },
            "inherits": {
              "version": "http://registry.npm.taobao.org/inherits/download/inherits-2.0.3.tgz"
            },
            "readable-stream": {
              "version": "http://registry.npm.taobao.org/readable-stream/download/readable-stream-2.3.6.tgz",
              "dependencies": {
                "core-util-is": {
                  "version": "http://registry.npm.taobao.org/core-util-is/download/core-util-is-1.0.2.tgz"
                },
                "inherits": {
                  "version": "http://registry.npm.taobao.org/inherits/download/inherits-2.0.3.tgz"
                },
                "isarray": {
                  "version": "http://registry.npm.taobao.org/isarray/download/isarray-1.0.0.tgz"
                },
                "process-nextick-args": {
                  "version": "http://registry.npm.taobao.org/process-nextick-args/download/process-nextick-args-2.0.0.tgz"
                },
                "safe-buffer": {
                  "version": "http://registry.npm.taobao.org/safe-buffer/download/safe-buffer-5.1.2.tgz"
                },
                "string_decoder": {
                  "version": "http://registry.npm.taobao.org/string_decoder/download/string_decoder-1.1.1.tgz"
                },
                "util-deprecate": {
                  "version": "http://registry.npm.taobao.org/util-deprecate/download/util-deprecate-1.0.2.tgz"
                }
              }
            },
            "typedarray": {
              "version": "http://registry.npm.taobao.org/typedarray/download/typedarray-0.0.6.tgz"
            }
          }
        },
        "mkdirp": {
          "version": "http://registry.npm.taobao.org/mkdirp/download/mkdirp-0.5.1.tgz",
          "bundled": true
        },
        "object-assign": {
          "version": "http://registry.npm.taobao.org/object-assign/download/object-assign-3.0.0.tgz",
          "bundled": true
        },
        "on-finished": {
          "version": "http://registry.npm.taobao.org/on-finished/download/on-finished-2.3.0.tgz",
          "bundled": true
        },
        "type-is": {
          "version": "http://registry.npm.taobao.org/type-is/download/type-is-1.6.16.tgz",
          "bundled": true,
          "dependencies": {
            "media-typer": {
              "version": "http://registry.npm.taobao.org/media-typer/download/media-typer-0.3.0.tgz"
            },
            "mime-types": {
              "version": "http://registry.npm.taobao.org/mime-types/download/mime-types-2.1.19.tgz",
              "dependencies": {}
            }
          }
        },
        "xtend": {
          "version": "http://registry.npm.taobao.org/xtend/download/xtend-4.0.1.tgz",
          "bundled": true
        }
      }
    },
    "mysql2": {
      "version": "1.6.1",
      "resolved": "http://registry.npm.taobao.org/mysql2/download/mysql2-1.6.1.tgz",
      "integrity": "sha1-kCf9k6BcXYbnm/raNcm2d7Og18U=",
      "requires": {
        "cardinal": "2.1.1",
        "denque": "1.3.0",
        "generate-function": "^2.0.0",
        "iconv-lite": "^0.4.18",
        "long": "^4.0.0",
        "lru-cache": "4.1.1",
        "named-placeholders": "1.1.1",
        "object-assign": "^4.1.1",
        "seq-queue": "0.0.5",
        "sqlstring": "2.3.1"
      },
      "dependencies": {
        "denque": {
          "version": "1.3.0",
          "resolved": "http://registry.npm.taobao.org/denque/download/denque-1.3.0.tgz",
          "integrity": "sha1-aBCS70SmMCRtP27bKhmSMOro52s="
        },
        "generate-function": {
          "version": "2.0.0",
          "resolved": "http://registry.npm.taobao.org/generate-function/download/generate-function-2.0.0.tgz",
          "integrity": "sha1-aFj+fAlpt9TpCTM3ZHrHn2DfvnQ="
        },
        "iconv-lite": {
          "version": "0.4.19",
          "resolved": "http://registry.npm.taobao.org/iconv-lite/download/iconv-lite-0.4.19.tgz",
          "integrity": "sha1-90aPYBNfXl2tM5nAqBvpoWA6CCs="
        },
        "lru-cache": {
          "version": "4.1.1",
          "resolved": "http://registry.npm.taobao.org/lru-cache/download/lru-cache-4.1.1.tgz",
          "integrity": "sha1-Yi4y6CSItJJ5EUpPns9F581rulU=",
          "requires": {
            "pseudomap": "^1.0.2",
            "yallist": "^2.1.2"
          }
        },
        "object-assign": {
          "version": "4.1.1",
          "resolved": "http://registry.npm.taobao.org/object-assign/download/object-assign-4.1.1.tgz",
          "integrity": "sha1-IQmtx5ZYh8/AXLvUQsrIv7s2CGM="
        },
        "pseudomap": {
          "version": "1.0.2",
          "resolved": "http://registry.npm.taobao.org/pseudomap/download/pseudomap-1.0.2.tgz",
          "integrity": "sha1-8FKijacOYYkX7wqKw0wa5aaChrM="
        },
        "seq-queue": {
          "version": "0.0.5",
          "resolved": "http://registry.npm.taobao.org/seq-queue/download/seq-queue-0.0.5.tgz",
          "integrity": "sha1-1WgS4cAXpuTnw+Ojeh2m143TyT4="
        },
        "sqlstring": {
          "version": "2.3.1",
          "resolved": "http://registry.npm.taobao.org/sqlstring/download/sqlstring-2.3.1.tgz",
          "integrity": "sha1-R1OT/56RR5rqYtyvDKPRSYOn+0A="
        }
      }
    },
    "named-placeholders": {
      "version": "1.1.1",
      "resolved": "http://registry.npm.taobao.org/named-placeholders/download/named-placeholders-1.1.1.tgz",
      "requires": {
        "lru-cache": "2.5.0"
      },
      "dependencies": {
        "lru-cache": {
          "version": "2.5.0",
          "resolved": "http://registry.npm.taobao.org/lru-cache/download/lru-cache-2.5.0.tgz",
          "integrity": "sha1-2COIrpyWC+y+oMc7uet5tsbOmus="
        }
      }
    },
    "nodemon": {
      "version": "1.18.3",
      "resolved": "http://registry.npm.taobao.org/nodemon/download/nodemon-1.18.3.tgz",
      "dev": true,
      "dependencies": {
        "chokidar": {
          "version": "http://registry.npm.taobao.org/chokidar/download/chokidar-2.0.4.tgz",
          "bundled": true,
          "dependencies": {
            "anymatch": {
              "version": "http://registry.npm.taobao.org/anymatch/download/anymatch-2.0.0.tgz",
              "dependencies": {
                "micromatch": {
                  "version": "http://registry.npm.taobao.org/micromatch/download/micromatch-3.1.10.tgz",
                  "bundled": true
                },
                "normalize-path": {
                  "version": "http://registry.npm.taobao.org/normalize-path/download/normalize-path-2.1.1.tgz",
                  "bundled": true
                }
              }
            },
            "async-each": {
              "version": "http://registry.npm.taobao.org/async-each/download/async-each-1.0.1.tgz"
            },
            "braces": {
              "version": "http://registry.npm.taobao.org/braces/download/braces-2.3.2.tgz",
              "dependencies": {
                "arr-flatten": {
                  "version": "http://registry.npm.taobao.org/arr-flatten/download/arr-flatten-1.1.0.tgz",
                  "bundled": true
                },
                "array-unique": {
                  "version": "http://registry.npm.taobao.org/array-unique/download/array-unique-0.3.2.tgz",
                  "bundled": true
                },
                "extend-shallow": {
                  "version": "http://registry.npm.taobao.org/extend-shallow/download/extend-shallow-2.0.1.tgz",
                  "bundled": true,
                  "dependencies": {
                    "is-extendable": {
                      "version": "http://registry.npm.taobao.org/is-extendable/download/is-extendable-0.1.1.tgz"
                    }
                  }
                },
                "fill-range": {
                  "version": "http://registry.npm.taobao.org/fill-range/download/fill-range-4.0.0.tgz",
                  "bundled": true
                },
                "isobject": {
                  "version": "http://registry.npm.taobao.org/isobject/download/isobject-3.0.1.tgz",
                  "bundled": true
                },
                "repeat-element": {
                  "version": "http://registry.npm.taobao.org/repeat-element/download/repeat-element-1.1.3.tgz",
                  "bundled": true
                },
                "snapdragon": {
                  "version": "http://registry.npm.taobao.org/snapdragon/download/snapdragon-0.8.2.tgz",
                  "bundled": true
                },
                "snapdragon-node": {
                  "version": "http://registry.npm.taobao.org/snapdragon-node/download/snapdragon-node-2.1.1.tgz",
                  "bundled": true
                },
                "split-string": {
                  "version": "http://registry.npm.taobao.org/split-string/download/split-string-3.1.0.tgz",
                  "bundled": true,
                  "dependencies": {
                    "extend-shallow": {
                      "version": "http://registry.npm.taobao.org/extend-shallow/download/extend-shallow-3.0.2.tgz",
                      "bundled": true,
                      "dependencies": {
                        "assign-symbols": {
                          "version": "http://registry.npm.taobao.org/assign-symbols/download/assign-symbols-1.0.0.tgz"
                        },
                        "is-extendable": {
                          "version": "http://registry.npm.taobao.org/is-extendable/download/is-extendable-1.0.1.tgz"
                        }
                      }
                    }
                  }
                },
                "to-regex": {
                  "version": "http://registry.npm.taobao.org/to-regex/download/to-regex-3.0.2.tgz",
                  "bundled": true
                }
              }
            },
            "fsevents": {
              "version": "http://registry.npm.taobao.org/fsevents/download/fsevents-1.2.4.tgz"
            },
            "glob-parent": {
              "version": "http://registry.npm.taobao.org/glob-parent/download/glob-parent-3.1.0.tgz"
            },
            "inherits": {
              "version": "http://registry.npm.taobao.org/inherits/download/inherits-2.0.3.tgz"
            },
            "is-binary-path": {
              "version": "http://registry.npm.taobao.org/is-binary-path/download/is-binary-path-1.0.1.tgz"
            },
            "is-glob": {
              "version": "http://registry.npm.taobao.org/is-glob/download/is-glob-4.0.0.tgz"
            },
            "lodash.debounce": {
              "version": "http://registry.npm.taobao.org/lodash.debounce/download/lodash.debounce-4.0.8.tgz"
            },
            "normalize-path": {
              "version": "http://registry.npm.taobao.org/normalize-path/download/normalize-path-2.1.1.tgz",
              "dependencies": {
                "remove-trailing-separator": {
                  "version": "http://registry.npm.taobao.org/remove-trailing-separator/download/remove-trailing-separator-1.1.0.tgz",
                  "bundled": true
                }
              }
            },
            "path-is-absolute": {
              "version": "http://registry.npm.taobao.org/path-is-absolute/download/path-is-absolute-1.0.1.tgz"
            },
            "readdirp": {
              "version": "http://registry.npm.taobao.org/readdirp/download/readdirp-2.1.0.tgz"
            },
            "upath": {
              "version": "http://registry.npm.taobao.org/upath/download/upath-1.1.0.tgz"
            }
          }
        },
        "debug": {
          "version": "http://registry.npm.taobao.org/debug/download/debug-3.1.0.tgz",
          "bundled": true
        },
        "ignore-by-default": {
          "version": "http://registry.npm.taobao.org/ignore-by-default/download/ignore-by-default-1.0.1.tgz",
          "bundled": true
        },
        "minimatch": {
          "version": "http://registry.npm.taobao.org/minimatch/download/minimatch-3.0.4.tgz",
          "bundled": true,
          "dependencies": {
            "brace-expansion": {
              "version": "http://registry.npm.taobao.org/brace-expansion/download/brace-expansion-1.1.11.tgz",
              "bundled": true
            }
          }
        },
        "pstree.remy": {
          "version": "http://registry.npm.taobao.org/pstree.remy/download/pstree.remy-1.1.0.tgz",
          "bundled": true
        },
        "semver": {
          "version": "http://registry.npm.taobao.org/semver/download/semver-5.5.1.tgz",
          "bundled": true
        },
        "supports-color": {
          "version": "http://registry.npm.taobao.org/supports-color/download/supports-color-5.5.0.tgz",
          "bundled": true
        },
        "touch": {
          "version": "http://registry.npm.taobao.org/touch/download/touch-3.1.0.tgz",
          "bundled": true
        },
        "undefsafe": {
          "version": "http://registry.npm.taobao.org/undefsafe/download/undefsafe-2.0.2.tgz",
          "bundled": true
        },
        "update-notifier": {
          "version": "http://registry.npm.taobao.org/update-notifier/download/update-notifier-2.5.0.tgz",
          "bundled": true
        }
      }
    },
    "qs": {
      "version": "6.5.2",
      "resolved": "http://registry.npm.taobao.org/qs/download/qs-6.5.2.tgz"
    },
    "sequelize": {
      "version": "4.38.0",
      "resolved": "http://registry.npm.taobao.org/sequelize/download/sequelize-4.38.0.tgz",
      "dependencies": {
        "bluebird": {
          "version": "http://registry.npm.taobao.org/bluebird/download/bluebird-3.5.1.tgz",
          "bundled": true
        },
        "cls-bluebird": {
          "version": "http://registry.npm.taobao.org/cls-bluebird/download/cls-bluebird-2.1.0.tgz",
          "bundled": true
        },
        "debug": {
          "version": "http://registry.npm.taobao.org/debug/download/debug-3.1.0.tgz",
          "bundled": true,
          "dependencies": {
            "ms": {
              "version": "http://registry.npm.taobao.org/ms/download/ms-2.0.0.tgz",
              "bundled": true
            }
          }
        },
        "depd": {
          "version": "http://registry.npm.taobao.org/depd/download/depd-1.1.2.tgz",
          "bundled": true
        },
        "dottie": {
          "version": "http://registry.npm.taobao.org/dottie/download/dottie-2.0.0.tgz",
          "bundled": true
        },
        "generic-pool": {
          "version": "http://registry.npm.taobao.org/generic-pool/download/generic-pool-3.4.2.tgz",
          "bundled": true
        },
        "inflection": {
          "version": "http://registry.npm.taobao.org/inflection/download/inflection-1.12.0.tgz",
          "bundled": true
        },
        "lodash": {
          "version": "http://registry.npm.taobao.org/lodash/download/lodash-4.17.10.tgz",
          "bundled": true
        },
        "moment": {
          "version": "http://registry.npm.taobao.org/moment/download/moment-2.22.2.tgz",
          "bundled": true
        },
        "moment-timezone": {
          "version": "http://registry.npm.taobao.org/moment-timezone/download/moment-timezone-0.5.21.tgz",
          "bundled": true
        },
        "retry-as-promised": {
          "version": "http://registry.npm.taobao.org/retry-as-promised/download/retry-as-promised-2.3.2.tgz",
          "bundled": true
        },
        "semver": {
          "version": "http://registry.npm.taobao.org/semver/download/semver-5.5.1.tgz",
          "bundled": true
        },
        "terraformer-wkt-parser": {
          "version": "http://registry.npm.taobao.org/terraformer-wkt-parser/download/terraformer-wkt-parser-1.2.0.tgz",
          "bundled": true
        },
        "toposort-class": {
          "version": "http://registry.npm.taobao.org/toposort-class/download/toposort-class-1.0.1.tgz",
          "bundled": true
        },
        "uuid": {
          "version": "http://registry.npm.taobao.org/uuid/download/uuid-3.3.2.tgz",
          "bundled": true
        },
        "validator": {
          "version": "http://registry.npm.taobao.org/validator/download/validator-10.6.0.tgz",
          "bundled": true
        },
        "wkx": {
          "version": "http://registry.npm.taobao.org/wkx/download/wkx-0.4.5.tgz",
          "bundled": true
        }
      }
    },
    "unpipe": {
      "version": "1.0.0",
      "resolved": "http://registry.npm.taobao.org/unpipe/download/unpipe-1.0.0.tgz"
    },
    "yallist": {
      "version": "2.1.2",
      "resolved": "http://registry.npm.taobao.org/yallist/download/yallist-2.1.2.tgz"
    }
  }
}
